PODS:
  - SlidingGradientView (0.2.3)

DEPENDENCIES:
  - SlidingGradientView (from `../`)

EXTERNAL SOURCES:
  SlidingGradientView:
    :path: "../"

SPEC CHECKSUMS:
  SlidingGradientView: 7e0c47a25189aa5c915b9f876397727a2e9589ca

PODFILE CHECKSUM: 8e66b01b8d79c190fc1bee80fdad7493d5cf86d0

COCOAPODS: 1.2.1
