// !$*UTF8*$!
{
	archiveVersion = 1;
	classes = {
	};
	objectVersion = 46;
	objects = {

/* Begin PBXBuildFile section */
		10A8BE20C8206A7989709435 /* Pods_PlaceholderViewExample.framework in Frameworks */ = {isa = PBXBuildFile; fileRef = A6BE2A00F76DE9B3AEB64507 /* Pods_PlaceholderViewExample.framework */; };
		FD6A90611EC8963D00AFFA47 /* AppDelegate.swift in Sources */ = {isa = PBXBuildFile; fileRef = FD6A90601EC8963D00AFFA47 /* AppDelegate.swift */; };
		FD6A90631EC8963D00AFFA47 /* ViewController.swift in Sources */ = {isa = PBXBuildFile; fileRef = FD6A90621EC8963D00AFFA47 /* ViewController.swift */; };
		FD6A90661EC8963D00AFFA47 /* Main.storyboard in Resources */ = {isa = PBXBuildFile; fileRef = FD6A90641EC8963D00AFFA47 /* Main.storyboard */; };
		FD6A90681EC8963D00AFFA47 /* Assets.xcassets in Resources */ = {isa = PBXBuildFile; fileRef = FD6A90671EC8963D00AFFA47 /* Assets.xcassets */; };
		FD6A906B1EC8963D00AFFA47 /* LaunchScreen.storyboard in Resources */ = {isa = PBXBuildFile; fileRef = FD6A90691EC8963D00AFFA47 /* LaunchScreen.storyboard */; };
/* End PBXBuildFile section */

/* Begin PBXFileReference section */
		035140F05BD85A6AF9206694 /* Pods-PlaceholderViewExample.debug.xcconfig */ = {isa = PBXFileReference; includeInIndex = 1; lastKnownFileType = text.xcconfig; name = "Pods-PlaceholderViewExample.debug.xcconfig"; path = "Pods/Target Support Files/Pods-PlaceholderViewExample/Pods-PlaceholderViewExample.debug.xcconfig"; sourceTree = "<group>"; };
		19A2F3116744B7F585DE74A8 /* Pods-PlaceholderViewExample.release.xcconfig */ = {isa = PBXFileReference; includeInIndex = 1; lastKnownFileType = text.xcconfig; name = "Pods-PlaceholderViewExample.release.xcconfig"; path = "Pods/Target Support Files/Pods-PlaceholderViewExample/Pods-PlaceholderViewExample.release.xcconfig"; sourceTree = "<group>"; };
		A6BE2A00F76DE9B3AEB64507 /* Pods_PlaceholderViewExample.framework */ = {isa = PBXFileReference; explicitFileType = wrapper.framework; includeInIndex = 0; path = Pods_PlaceholderViewExample.framework; sourceTree = BUILT_PRODUCTS_DIR; };
		FD6A905D1EC8963D00AFFA47 /* PlaceholderViewExample.app */ = {isa = PBXFileReference; explicitFileType = wrapper.application; includeInIndex = 0; path = PlaceholderViewExample.app; sourceTree = BUILT_PRODUCTS_DIR; };
		FD6A90601EC8963D00AFFA47 /* AppDelegate.swift */ = {isa = PBXFileReference; lastKnownFileType = sourcecode.swift; path = AppDelegate.swift; sourceTree = "<group>"; };
		FD6A90621EC8963D00AFFA47 /* ViewController.swift */ = {isa = PBXFileReference; lastKnownFileType = sourcecode.swift; path = ViewController.swift; sourceTree = "<group>"; };
		FD6A90651EC8963D00AFFA47 /* Base */ = {isa = PBXFileReference; lastKnownFileType = file.storyboard; name = Base; path = Base.lproj/Main.storyboard; sourceTree = "<group>"; };
		FD6A90671EC8963D00AFFA47 /* Assets.xcassets */ = {isa = PBXFileReference; lastKnownFileType = folder.assetcatalog; path = Assets.xcassets; sourceTree = "<group>"; };
		FD6A906A1EC8963D00AFFA47 /* Base */ = {isa = PBXFileReference; lastKnownFileType = file.storyboard; name = Base; path = Base.lproj/LaunchScreen.storyboard; sourceTree = "<group>"; };
		FD6A906C1EC8963D00AFFA47 /* Info.plist */ = {isa = PBXFileReference; lastKnownFileType = text.plist.xml; path = Info.plist; sourceTree = "<group>"; };
/* End PBXFileReference section */

/* Begin PBXFrameworksBuildPhase section */
		FD6A905A1EC8963D00AFFA47 /* Frameworks */ = {
			isa = PBXFrameworksBuildPhase;
			buildActionMask = 2147483647;
			files = (
				10A8BE20C8206A7989709435 /* Pods_PlaceholderViewExample.framework in Frameworks */,
			);
			runOnlyForDeploymentPostprocessing = 0;
		};
/* End PBXFrameworksBuildPhase section */

/* Begin PBXGroup section */
		92243F1C03A95F52E1B4D716 /* Pods */ = {
			isa = PBXGroup;
			children = (
				035140F05BD85A6AF9206694 /* Pods-PlaceholderViewExample.debug.xcconfig */,
				19A2F3116744B7F585DE74A8 /* Pods-PlaceholderViewExample.release.xcconfig */,
			);
			name = Pods;
			sourceTree = "<group>";
		};
		E0E702A3883023CFAF5760D8 /* Frameworks */ = {
			isa = PBXGroup;
			children = (
				A6BE2A00F76DE9B3AEB64507 /* Pods_PlaceholderViewExample.framework */,
			);
			name = Frameworks;
			sourceTree = "<group>";
		};
		FD6A90541EC8963D00AFFA47 = {
			isa = PBXGroup;
			children = (
				FD6A905F1EC8963D00AFFA47 /* PlaceholderViewExample */,
				FD6A905E1EC8963D00AFFA47 /* Products */,
				92243F1C03A95F52E1B4D716 /* Pods */,
				E0E702A3883023CFAF5760D8 /* Frameworks */,
			);
			sourceTree = "<group>";
		};
		FD6A905E1EC8963D00AFFA47 /* Products */ = {
			isa = PBXGroup;
			children = (
				FD6A905D1EC8963D00AFFA47 /* PlaceholderViewExample.app */,
			);
			name = Products;
			sourceTree = "<group>";
		};
		FD6A905F1EC8963D00AFFA47 /* PlaceholderViewExample */ = {
			isa = PBXGroup;
			children = (
				FD6A90601EC8963D00AFFA47 /* AppDelegate.swift */,
				FD6A90621EC8963D00AFFA47 /* ViewController.swift */,
				FD6A90641EC8963D00AFFA47 /* Main.storyboard */,
				FD6A90671EC8963D00AFFA47 /* Assets.xcassets */,
				FD6A90691EC8963D00AFFA47 /* LaunchScreen.storyboard */,
				FD6A906C1EC8963D00AFFA47 /* Info.plist */,
			);
			path = PlaceholderViewExample;
			sourceTree = "<group>";
		};
/* End PBXGroup section */

/* Begin PBXNativeTarget section */
		FD6A905C1EC8963D00AFFA47 /* PlaceholderViewExample */ = {
			isa = PBXNativeTarget;
			buildConfigurationList = FD6A906F1EC8963D00AFFA47 /* Build configuration list for PBXNativeTarget "PlaceholderViewExample" */;
			buildPhases = (
				AF72C97BC4DAE191299500BC /* [CP] Check Pods Manifest.lock */,
				FD6A90591EC8963D00AFFA47 /* Sources */,
				FD6A905A1EC8963D00AFFA47 /* Frameworks */,
				FD6A905B1EC8963D00AFFA47 /* Resources */,
				CA351904AB0C8BCCE44F365D /* [CP] Embed Pods Frameworks */,
				4F6EF6EABC00B4E6B4E9C2DE /* [CP] Copy Pods Resources */,
			);
			buildRules = (
			);
			dependencies = (
			);
			name = PlaceholderViewExample;
			productName = PlaceholderViewExample;
			productReference = FD6A905D1EC8963D00AFFA47 /* PlaceholderViewExample.app */;
			productType = "com.apple.product-type.application";
		};
/* End PBXNativeTarget section */

/* Begin PBXProject section */
		FD6A90551EC8963D00AFFA47 /* Project object */ = {
			isa = PBXProject;
			attributes = {
				LastSwiftUpdateCheck = 0830;
				LastUpgradeCheck = 0830;
				ORGANIZATIONNAME = "Bruno Rocha";
				TargetAttributes = {
					FD6A905C1EC8963D00AFFA47 = {
						CreatedOnToolsVersion = 8.3;
						DevelopmentTeam = 3PG7SEBUB3;
						ProvisioningStyle = Automatic;
					};
				};
			};
			buildConfigurationList = FD6A90581EC8963D00AFFA47 /* Build configuration list for PBXProject "PlaceholderViewExample" */;
			compatibilityVersion = "Xcode 3.2";
			developmentRegion = English;
			hasScannedForEncodings = 0;
			knownRegions = (
				en,
				Base,
			);
			mainGroup = FD6A90541EC8963D00AFFA47;
			productRefGroup = FD6A905E1EC8963D00AFFA47 /* Products */;
			projectDirPath = "";
			projectRoot = "";
			targets = (
				FD6A905C1EC8963D00AFFA47 /* PlaceholderViewExample */,
			);
		};
/* End PBXProject section */

/* Begin PBXResourcesBuildPhase section */
		FD6A905B1EC8963D00AFFA47 /* Resources */ = {
			isa = PBXResourcesBuildPhase;
			buildActionMask = 2147483647;
			files = (
				FD6A906B1EC8963D00AFFA47 /* LaunchScreen.storyboard in Resources */,
				FD6A90681EC8963D00AFFA47 /* Assets.xcassets in Resources */,
				FD6A90661EC8963D00AFFA47 /* Main.storyboard in Resources */,
			);
			runOnlyForDeploymentPostprocessing = 0;
		};
/* End PBXResourcesBuildPhase section */

/* Begin PBXShellScriptBuildPhase section */
		4F6EF6EABC00B4E6B4E9C2DE /* [CP] Copy Pods Resources */ = {
			isa = PBXShellScriptBuildPhase;
			buildActionMask = 2147483647;
			files = (
			);
			inputPaths = (
			);
			name = "[CP] Copy Pods Resources";
			outputPaths = (
			);
			runOnlyForDeploymentPostprocessing = 0;
			shellPath = /bin/sh;
			shellScript = "\"${SRCROOT}/Pods/Target Support Files/Pods-PlaceholderViewExample/Pods-PlaceholderViewExample-resources.sh\"\n";
			showEnvVarsInLog = 0;
		};
		AF72C97BC4DAE191299500BC /* [CP] Check Pods Manifest.lock */ = {
			isa = PBXShellScriptBuildPhase;
			buildActionMask = 2147483647;
			files = (
			);
			inputPaths = (
			);
			name = "[CP] Check Pods Manifest.lock";
			outputPaths = (
			);
			runOnlyForDeploymentPostprocessing = 0;
			shellPath = /bin/sh;
			shellScript = "diff \"${PODS_PODFILE_DIR_PATH}/Podfile.lock\" \"${PODS_ROOT}/Manifest.lock\" > /dev/null\nif [ $? != 0 ] ; then\n    # print error to STDERR\n    echo \"error: The sandbox is not in sync with the Podfile.lock. Run 'pod install' or update your CocoaPods installation.\" >&2\n    exit 1\nfi\n";
			showEnvVarsInLog = 0;
		};
		CA351904AB0C8BCCE44F365D /* [CP] Embed Pods Frameworks */ = {
			isa = PBXShellScriptBuildPhase;
			buildActionMask = 2147483647;
			files = (
			);
			inputPaths = (
			);
			name = "[CP] Embed Pods Frameworks";
			outputPaths = (
			);
			runOnlyForDeploymentPostprocessing = 0;
			shellPath = /bin/sh;
			shellScript = "\"${SRCROOT}/Pods/Target Support Files/Pods-PlaceholderViewExample/Pods-PlaceholderViewExample-frameworks.sh\"\n";
			showEnvVarsInLog = 0;
		};
/* End PBXShellScriptBuildPhase section */

/* Begin PBXSourcesBuildPhase section */
		FD6A90591EC8963D00AFFA47 /* Sources */ = {
			isa = PBXSourcesBuildPhase;
			buildActionMask = 2147483647;
			files = (
				FD6A90631EC8963D00AFFA47 /* ViewController.swift in Sources */,
				FD6A90611EC8963D00AFFA47 /* AppDelegate.swift in Sources */,
			);
			runOnlyForDeploymentPostprocessing = 0;
		};
/* End PBXSourcesBuildPhase section */

/* Begin PBXVariantGroup section */
		FD6A90641EC8963D00AFFA47 /* Main.storyboard */ = {
			isa = PBXVariantGroup;
			children = (
				FD6A90651EC8963D00AFFA47 /* Base */,
			);
			name = Main.storyboard;
			sourceTree = "<group>";
		};
		FD6A90691EC8963D00AFFA47 /* LaunchScreen.storyboard */ = {
			isa = PBXVariantGroup;
			children = (
				FD6A906A1EC8963D00AFFA47 /* Base */,
			);
			name = LaunchScreen.storyboard;
			sourceTree = "<group>";
		};
/* End PBXVariantGroup section */

/* Begin XCBuildConfiguration section */
		FD6A906D1EC8963D00AFFA47 /* Debug */ = {
			isa = XCBuildConfiguration;
			buildSettings = {
				ALWAYS_SEARCH_USER_PATHS = NO;
				CLANG_ANALYZER_NONNULL = YES;
				CLANG_ANALYZER_NUMBER_OBJECT_CONVERSION = YES_AGGRESSIVE;
				CLANG_CXX_LANGUAGE_STANDARD = "gnu++0x";
				CLANG_CXX_LIBRARY = "libc++";
				CLANG_ENABLE_MODULES = YES;
				CLANG_ENABLE_OBJC_ARC = YES;
				CLANG_WARN_BOOL_CONVERSION = YES;
				CLANG_WARN_CONSTANT_CONVERSION = YES;
				CLANG_WARN_DIRECT_OBJC_ISA_USAGE = YES_ERROR;
				CLANG_WARN_DOCUMENTATION_COMMENTS = YES;
				CLANG_WARN_EMPTY_BODY = YES;
				CLANG_WARN_ENUM_CONVERSION = YES;
				CLANG_WARN_INFINITE_RECURSION = YES;
				CLANG_WARN_INT_CONVERSION = YES;
				CLANG_WARN_OBJC_ROOT_CLASS = YES_ERROR;
				CLANG_WARN_SUSPICIOUS_MOVE = YES;
				CLANG_WARN_UNREACHABLE_CODE = YES;
				CLANG_WARN__DUPLICATE_METHOD_MATCH = YES;
				"CODE_SIGN_IDENTITY[sdk=iphoneos*]" = "iPhone Developer";
				COPY_PHASE_STRIP = NO;
				DEBUG_INFORMATION_FORMAT = dwarf;
				ENABLE_STRICT_OBJC_MSGSEND = YES;
				ENABLE_TESTABILITY = YES;
				GCC_C_LANGUAGE_STANDARD = gnu99;
				GCC_DYNAMIC_NO_PIC = NO;
				GCC_NO_COMMON_BLOCKS = YES;
				GCC_OPTIMIZATION_LEVEL = 0;
				GCC_PREPROCESSOR_DEFINITIONS = (
					"DEBUG=1",
					"$(inherited)",
				);
				GCC_WARN_64_TO_32_BIT_CONVERSION = YES;
				GCC_WARN_ABOUT_RETURN_TYPE = YES_ERROR;
				GCC_WARN_UNDECLARED_SELECTOR = YES;
				GCC_WARN_UNINITIALIZED_AUTOS = YES_AGGRESSIVE;
				GCC_WARN_UNUSED_FUNCTION = YES;
				GCC_WARN_UNUSED_VARIABLE = YES;
				IPHONEOS_DEPLOYMENT_TARGET = 10.3;
				MTL_ENABLE_DEBUG_INFO = YES;
				ONLY_ACTIVE_ARCH = YES;
				SDKROOT = iphoneos;
				SWIFT_ACTIVE_COMPILATION_CONDITIONS = DEBUG;
				SWIFT_OPTIMIZATION_LEVEL = "-Onone";
				TARGETED_DEVICE_FAMILY = "1,2";
			};
			name = Debug;
		};
		FD6A906E1EC8963D00AFFA47 /* Release */ = {
			isa = XCBuildConfiguration;
			buildSettings = {
				ALWAYS_SEARCH_USER_PATHS = NO;
				CLANG_ANALYZER_NONNULL = YES;
				CLANG_ANALYZER_NUMBER_OBJECT_CONVERSION = YES_AGGRESSIVE;
				CLANG_CXX_LANGUAGE_STANDARD = "gnu++0x";
				CLANG_CXX_LIBRARY = "libc++";
				CLANG_ENABLE_MODULES = YES;
				CLANG_ENABLE_OBJC_ARC = YES;
				CLANG_WARN_BOOL_CONVERSION = YES;
				CLANG_WARN_CONSTANT_CONVERSION = YES;
				CLANG_WARN_DIRECT_OBJC_ISA_USAGE = YES_ERROR;
				CLANG_WARN_DOCUMENTATION_COMMENTS = YES;
				CLANG_WARN_EMPTY_BODY = YES;
				CLANG_WARN_ENUM_CONVERSION = YES;
				CLANG_WARN_INFINITE_RECURSION = YES;
				CLANG_WARN_INT_CONVERSION = YES;
				CLANG_WARN_OBJC_ROOT_CLASS = YES_ERROR;
				CLANG_WARN_SUSPICIOUS_MOVE = YES;
				CLANG_WARN_UNREACHABLE_CODE = YES;
				CLANG_WARN__DUPLICATE_METHOD_MATCH = YES;
				"CODE_SIGN_IDENTITY[sdk=iphoneos*]" = "iPhone Developer";
				COPY_PHASE_STRIP = NO;
				DEBUG_INFORMATION_FORMAT = "dwarf-with-dsym";
				ENABLE_NS_ASSERTIONS = NO;
				ENABLE_STRICT_OBJC_MSGSEND = YES;
				GCC_C_LANGUAGE_STANDARD = gnu99;
				GCC_NO_COMMON_BLOCKS = YES;
				GCC_WARN_64_TO_32_BIT_CONVERSION = YES;
				GCC_WARN_ABOUT_RETURN_TYPE = YES_ERROR;
				GCC_WARN_UNDECLARED_SELECTOR = YES;
				GCC_WARN_UNINITIALIZED_AUTOS = YES_AGGRESSIVE;
				GCC_WARN_UNUSED_FUNCTION = YES;
				GCC_WARN_UNUSED_VARIABLE = YES;
				IPHONEOS_DEPLOYMENT_TARGET = 10.3;
				MTL_ENABLE_DEBUG_INFO = NO;
				SDKROOT = iphoneos;
				SWIFT_OPTIMIZATION_LEVEL = "-Owholemodule";
				TARGETED_DEVICE_FAMILY = "1,2";
				VALIDATE_PRODUCT = YES;
			};
			name = Release;
		};
		FD6A90701EC8963D00AFFA47 /* Debug */ = {
			isa = XCBuildConfiguration;
			baseConfigurationReference = 035140F05BD85A6AF9206694 /* Pods-PlaceholderViewExample.debug.xcconfig */;
			buildSettings = {
				ASSETCATALOG_COMPILER_APPICON_NAME = AppIcon;
				DEVELOPMENT_TEAM = 3PG7SEBUB3;
				INFOPLIST_FILE = PlaceholderViewExample/Info.plist;
				LD_RUNPATH_SEARCH_PATHS = "$(inherited) @executable_path/Frameworks";
				PRODUCT_BUNDLE_IDENTIFIER = com.rockbruno.PlaceholderViewExample;
				PRODUCT_NAME = "$(TARGET_NAME)";
				SWIFT_VERSION = 3.0;
			};
			name = Debug;
		};
		FD6A90711EC8963D00AFFA47 /* Release */ = {
			isa = XCBuildConfiguration;
			baseConfigurationReference = 19A2F3116744B7F585DE74A8 /* Pods-PlaceholderViewExample.release.xcconfig */;
			buildSettings = {
				ASSETCATALOG_COMPILER_APPICON_NAME = AppIcon;
				DEVELOPMENT_TEAM = 3PG7SEBUB3;
				INFOPLIST_FILE = PlaceholderViewExample/Info.plist;
				LD_RUNPATH_SEARCH_PATHS = "$(inherited) @executable_path/Frameworks";
				PRODUCT_BUNDLE_IDENTIFIER = com.rockbruno.PlaceholderViewExample;
				PRODUCT_NAME = "$(TARGET_NAME)";
				SWIFT_VERSION = 3.0;
			};
			name = Release;
		};
/* End XCBuildConfiguration section */

/* Begin XCConfigurationList section */
		FD6A90581EC8963D00AFFA47 /* Build configuration list for PBXProject "PlaceholderViewExample" */ = {
			isa = XCConfigurationList;
			buildConfigurations = (
				FD6A906D1EC8963D00AFFA47 /* Debug */,
				FD6A906E1EC8963D00AFFA47 /* Release */,
			);
			defaultConfigurationIsVisible = 0;
			defaultConfigurationName = Release;
		};
		FD6A906F1EC8963D00AFFA47 /* Build configuration list for PBXNativeTarget "PlaceholderViewExample" */ = {
			isa = XCConfigurationList;
			buildConfigurations = (
				FD6A90701EC8963D00AFFA47 /* Debug */,
				FD6A90711EC8963D00AFFA47 /* Release */,
			);
			defaultConfigurationIsVisible = 0;
			defaultConfigurationName = Release;
		};
/* End XCConfigurationList section */
	};
	rootObject = FD6A90551EC8963D00AFFA47 /* Project object */;
}
